
Microsoft Visual Studio Solution File, Format Version 12.00
# Visual Studio 15
VisualStudioVersion = 15.0.26730.12
MinimumVisualStudioVersion = 10.0.40219.1
Project("{F2A71F9B-5D33-465A-A702-920D77279786}") = "Ploutus.D Unpacker", "Ploutus.D Unpacker\Ploutus.D Unpacker.fsproj", "{5FA9BB2A-3646-4A9A-A007-DCF74241FA24}"
EndProject
Project("{2150E333-8FDC-42A3-9474-1A3956D46DE8}") = "Solution Items", "Solution Items", "{81EC7F6E-2BCC-452B-ACAB-06B5543E78A4}"
	ProjectSection(SolutionItems) = preProject
		paket.dependencies = paket.dependencies
	EndProjectSection
EndProject
Project("{FAE04EC0-301F-11D3-BF4B-00C04F79EFBC}") = "dnlib", "dnlib\src\dnlib.csproj", "{FDFC1237-143F-4919-8318-4926901F4639}"
EndProject
Project("{FAE04EC0-301F-11D3-BF4B-00C04F79EFBC}") = "Interop.CASHDISPENSER3Lib", "Interop.CASHDISPENSER3Lib\Interop.CASHDISPENSER3Lib.csproj", "{56C3B54E-D619-4143-9121-7E41DE043F39}"
EndProject
Project("{FAE04EC0-301F-11D3-BF4B-00C04F79EFBC}") = "Interop.PINPAD3Lib", "Interop.PINPAD3Lib\Interop.PINPAD3Lib.csproj", "{696AE8CA-EE73-4180-9A03-50E0BA5599AE}"
EndProject
Project("{FAE04EC0-301F-11D3-BF4B-00C04F79EFBC}") = "AxInterop.CASHDISPENSER3Lib", "AxInterop.CASHDISPENSER3Lib\AxInterop.CASHDISPENSER3Lib.csproj", "{14B11177-9A6F-404E-B2CD-18AD68CE7265}"
EndProject
Project("{2150E333-8FDC-42A3-9474-1A3956D46DE8}") = "FakeLib", "FakeLib", "{E66190B9-72A6-4CB4-B574-FF2D1214B55A}"
EndProject
Project("{FAE04EC0-301F-11D3-BF4B-00C04F79EFBC}") = "AxInterop.PINPAD3Lib", "AxInterop.AxPINPAD3Lib\AxInterop.PINPAD3Lib.csproj", "{992D2DD5-88EF-4D96-AB96-757D6C445DC5}"
EndProject
Project("{FAE04EC0-301F-11D3-BF4B-00C04F79EFBC}") = "EncryptID", "EncryptID\EncryptID.csproj", "{D22BEF3F-56F9-4870-9B71-34997E72D2BD}"
EndProject
Project("{FAE04EC0-301F-11D3-BF4B-00C04F79EFBC}") = "EncryptD", "EncryptD\EncryptD.csproj", "{FB9BF7D3-3F1D-4147-AC1A-6792E6E8FAAE}"
EndProject
Project("{FAE04EC0-301F-11D3-BF4B-00C04F79EFBC}") = "EncryptM", "EncryptM\EncryptM.csproj", "{98B6D5F4-D5DB-4D18-908F-8578EC5AB2B7}"
EndProject
Global
	GlobalSection(SolutionConfigurationPlatforms) = preSolution
		Debug|Any CPU = Debug|Any CPU
		Release|Any CPU = Release|Any CPU
	EndGlobalSection
	GlobalSection(ProjectConfigurationPlatforms) = postSolution
		{5FA9BB2A-3646-4A9A-A007-DCF74241FA24}.Debug|Any CPU.ActiveCfg = Debug|Any CPU
		{5FA9BB2A-3646-4A9A-A007-DCF74241FA24}.Debug|Any CPU.Build.0 = Debug|Any CPU
		{5FA9BB2A-3646-4A9A-A007-DCF74241FA24}.Release|Any CPU.ActiveCfg = Release|Any CPU
		{5FA9BB2A-3646-4A9A-A007-DCF74241FA24}.Release|Any CPU.Build.0 = Release|Any CPU
		{FDFC1237-143F-4919-8318-4926901F4639}.Debug|Any CPU.ActiveCfg = Debug|Any CPU
		{FDFC1237-143F-4919-8318-4926901F4639}.Debug|Any CPU.Build.0 = Debug|Any CPU
		{FDFC1237-143F-4919-8318-4926901F4639}.Release|Any CPU.ActiveCfg = Release|Any CPU
		{FDFC1237-143F-4919-8318-4926901F4639}.Release|Any CPU.Build.0 = Release|Any CPU
		{56C3B54E-D619-4143-9121-7E41DE043F39}.Debug|Any CPU.ActiveCfg = Debug|Any CPU
		{56C3B54E-D619-4143-9121-7E41DE043F39}.Debug|Any CPU.Build.0 = Debug|Any CPU
		{56C3B54E-D619-4143-9121-7E41DE043F39}.Release|Any CPU.ActiveCfg = Release|Any CPU
		{56C3B54E-D619-4143-9121-7E41DE043F39}.Release|Any CPU.Build.0 = Release|Any CPU
		{696AE8CA-EE73-4180-9A03-50E0BA5599AE}.Debug|Any CPU.ActiveCfg = Debug|Any CPU
		{696AE8CA-EE73-4180-9A03-50E0BA5599AE}.Debug|Any CPU.Build.0 = Debug|Any CPU
		{696AE8CA-EE73-4180-9A03-50E0BA5599AE}.Release|Any CPU.ActiveCfg = Release|Any CPU
		{696AE8CA-EE73-4180-9A03-50E0BA5599AE}.Release|Any CPU.Build.0 = Release|Any CPU
		{14B11177-9A6F-404E-B2CD-18AD68CE7265}.Debug|Any CPU.ActiveCfg = Debug|Any CPU
		{14B11177-9A6F-404E-B2CD-18AD68CE7265}.Debug|Any CPU.Build.0 = Debug|Any CPU
		{14B11177-9A6F-404E-B2CD-18AD68CE7265}.Release|Any CPU.ActiveCfg = Release|Any CPU
		{14B11177-9A6F-404E-B2CD-18AD68CE7265}.Release|Any CPU.Build.0 = Release|Any CPU
		{992D2DD5-88EF-4D96-AB96-757D6C445DC5}.Debug|Any CPU.ActiveCfg = Debug|Any CPU
		{992D2DD5-88EF-4D96-AB96-757D6C445DC5}.Debug|Any CPU.Build.0 = Debug|Any CPU
		{992D2DD5-88EF-4D96-AB96-757D6C445DC5}.Release|Any CPU.ActiveCfg = Release|Any CPU
		{992D2DD5-88EF-4D96-AB96-757D6C445DC5}.Release|Any CPU.Build.0 = Release|Any CPU
		{D22BEF3F-56F9-4870-9B71-34997E72D2BD}.Debug|Any CPU.ActiveCfg = Debug|Any CPU
		{D22BEF3F-56F9-4870-9B71-34997E72D2BD}.Debug|Any CPU.Build.0 = Debug|Any CPU
		{D22BEF3F-56F9-4870-9B71-34997E72D2BD}.Release|Any CPU.ActiveCfg = Release|Any CPU
		{D22BEF3F-56F9-4870-9B71-34997E72D2BD}.Release|Any CPU.Build.0 = Release|Any CPU
		{FB9BF7D3-3F1D-4147-AC1A-6792E6E8FAAE}.Debug|Any CPU.ActiveCfg = Debug|Any CPU
		{FB9BF7D3-3F1D-4147-AC1A-6792E6E8FAAE}.Debug|Any CPU.Build.0 = Debug|Any CPU
		{FB9BF7D3-3F1D-4147-AC1A-6792E6E8FAAE}.Release|Any CPU.ActiveCfg = Release|Any CPU
		{FB9BF7D3-3F1D-4147-AC1A-6792E6E8FAAE}.Release|Any CPU.Build.0 = Release|Any CPU
		{98B6D5F4-D5DB-4D18-908F-8578EC5AB2B7}.Debug|Any CPU.ActiveCfg = Debug|Any CPU
		{98B6D5F4-D5DB-4D18-908F-8578EC5AB2B7}.Debug|Any CPU.Build.0 = Debug|Any CPU
		{98B6D5F4-D5DB-4D18-908F-8578EC5AB2B7}.Release|Any CPU.ActiveCfg = Release|Any CPU
		{98B6D5F4-D5DB-4D18-908F-8578EC5AB2B7}.Release|Any CPU.Build.0 = Release|Any CPU
	EndGlobalSection
	GlobalSection(SolutionProperties) = preSolution
		HideSolutionNode = FALSE
	EndGlobalSection
	GlobalSection(NestedProjects) = preSolution
		{56C3B54E-D619-4143-9121-7E41DE043F39} = {E66190B9-72A6-4CB4-B574-FF2D1214B55A}
		{696AE8CA-EE73-4180-9A03-50E0BA5599AE} = {E66190B9-72A6-4CB4-B574-FF2D1214B55A}
		{14B11177-9A6F-404E-B2CD-18AD68CE7265} = {E66190B9-72A6-4CB4-B574-FF2D1214B55A}
		{992D2DD5-88EF-4D96-AB96-757D6C445DC5} = {E66190B9-72A6-4CB4-B574-FF2D1214B55A}
		{D22BEF3F-56F9-4870-9B71-34997E72D2BD} = {E66190B9-72A6-4CB4-B574-FF2D1214B55A}
		{FB9BF7D3-3F1D-4147-AC1A-6792E6E8FAAE} = {E66190B9-72A6-4CB4-B574-FF2D1214B55A}
		{98B6D5F4-D5DB-4D18-908F-8578EC5AB2B7} = {E66190B9-72A6-4CB4-B574-FF2D1214B55A}
	EndGlobalSection
	GlobalSection(ExtensibilityGlobals) = postSolution
		SolutionGuid = {3E47611E-96DD-42B1-9461-1B5E09ADB84A}
	EndGlobalSection
EndGlobal
